lockfileVersion: '9.0'

settings:
  autoInstallPeers: true
  excludeLinksFromLockfile: false

importers:

  .:
    devDependencies:
      '@grpc/grpc-js':
        specifier: 1.9.0
        version: 1.9.0
      '@nestjs/common':
        specifier: 10.1.3
        version: 10.1.3(reflect-metadata@0.1.13)(rxjs@7.8.1)
      '@nestjs/core':
        specifier: 10.1.3
        version: 10.1.3(@nestjs/common@10.1.3(reflect-metadata@0.1.13)(rxjs@7.8.1))(@nestjs/microservices@10.1.3)(reflect-metadata@0.1.13)(rxjs@7.8.1)
      '@nestjs/microservices':
        specifier: 10.1.3
        version: 10.1.3(@grpc/grpc-js@1.9.0)(@nestjs/common@10.1.3(reflect-metadata@0.1.13)(rxjs@7.8.1))(@nestjs/core@10.1.3)(reflect-metadata@0.1.13)(rxjs@7.8.1)
      '@types/node':
        specifier: ^20.4.9
        version: 20.19.37
      google-protobuf:
        specifier: 3.21.2
        version: 3.21.2
      long:
        specifier: 5.2.3
        version: 5.2.3
      protobufjs:
        specifier: 7.2.4
        version: 7.2.4
      reflect-metadata:
        specifier: 0.1.13
        version: 0.1.13
      rxjs:
        specifier: 7.8.1
        version: 7.8.1
      typescript:
        specifier: 5.1.6
        version: 5.1.6

  plugin/bufbuild:
    dependencies:
      '@bufbuild/protobuf':
        specifier: 1.3.0
        version: 1.3.0
      '@bufbuild/protoc-gen-connect-es':
        specifier: 0.12.0
        version: 0.12.0(@bufbuild/protoc-gen-es@1.3.0(@bufbuild/protobuf@1.3.0))
      '@bufbuild/protoc-gen-es':
        specifier: 1.3.0
        version: 1.3.0(@bufbuild/protobuf@1.3.0)

  plugin/stephenh/ts-proto:
    dependencies:
      ts-proto:
        specifier: 1.156.0
        version: 1.156.0

packages:

  '@bufbuild/protobuf@1.10.1':
    resolution: {integrity: sha512-wJ8ReQbHxsAfXhrf9ixl0aYbZorRuOWpBNzm8pL8ftmSxQx/wnJD5Eg861NwJU/czy2VXFIebCeZnZrI9rktIQ==}

  '@bufbuild/protobuf@1.3.0':
    resolution: {integrity: sha512-G372ods0pLt46yxVRsnP/e2btVPuuzArcMPFpIDeIwiGPuuglEs9y75iG0HMvZgncsj5TvbYRWqbVyOe3PLCWQ==}

  '@bufbuild/protoc-gen-connect-es@0.12.0':
    resolution: {integrity: sha512-J7/9oF/ByAQrZmEZkhNRnzo56PK+KOUMNJGxQGhF9Mjrrr7q/eCkd5tuao4Yk+A2biDWLk84+L6Zl8uHiBMK3w==}
    engines: {node: '>=16.0.0'}
    deprecated: Connect has moved to its own org @connectrpc and has a stable v1. Run `npx @connectrpc/connect-migrate@latest` to update. See https://github.com/connectrpc/connect-es/releases/tag/v0.13.1 for details.
    hasBin: true
    peerDependencies:
      '@bufbuild/connect': 0.12.0
      '@bufbuild/protoc-gen-es': ^1.2.1
    peerDependenciesMeta:
      '@bufbuild/connect':
        optional: true
      '@bufbuild/protoc-gen-es':
        optional: true

  '@bufbuild/protoc-gen-es@1.3.0':
    resolution: {integrity: sha512-XxGZwpXMYlwoSyJwCTFb7SZ2xKmv2iCRM022t1wszhY3kNL7rjpyj+3GbpCOjaM1T7NAoLnW0Hyb/M0b0XDb3Q==}
    engines: {node: '>=14'}
    hasBin: true
    peerDependencies:
      '@bufbuild/protobuf': 1.3.0
    peerDependenciesMeta:
      '@bufbuild/protobuf':
        optional: true

  '@bufbuild/protoplugin@1.10.1':
    resolution: {integrity: sha512-LaSbfwabAFIvbVnbn8jWwElRoffCIxhVraO8arliVwWupWezHLXgqPHEYLXZY/SsAR+/YsFBQJa8tAGtNPJyaQ==}

  '@bufbuild/protoplugin@1.3.0':
    resolution: {integrity: sha512-zye8CfJb9VWzaHR/f1qcEkddaRh9De+u6fORsj92Ten8EJUcyhiY5BivET+RMTissAKXKrp/f2zSBCV0dlFxPw==}

  '@grpc/grpc-js@1.9.0':
    resolution: {integrity: sha512-H8+iZh+kCE6VR/Krj6W28Y/ZlxoZ1fOzsNt77nrdE3knkbSelW1Uus192xOFCxHyeszLj8i4APQkSIXjAoOxXg==}
    engines: {node: ^8.13.0 || >=10.10.0}

  '@grpc/proto-loader@0.7.15':
    resolution: {integrity: sha512-tMXdRCfYVixjuFK+Hk0Q1s38gV9zDiDJfWL3h1rv4Qc39oILCu1TRTDt7+fGUI8K4G1Fj125Hx/ru3azECWTyQ==}
    engines: {node: '>=6'}
    hasBin: true

  '@lukeed/csprng@1.1.0':
    resolution: {integrity: sha512-Z7C/xXCiGWsg0KuKsHTKJxbWhpI3Vs5GwLfOean7MGyVFGqdRgBbAjOCh6u4bbjPc/8MJ2pZmK/0DLdCbivLDA==}
    engines: {node: '>=8'}

  '@nestjs/common@10.1.3':
    resolution: {integrity: sha512-xSyXBwgcmiFwQqek1Urw/AL3pRPq9bp/tpgfTxmnJg3gP6XNUbx1fDr0de50irXgZYzFKfVFo9ptC3b2du5YKA==}
    peerDependencies:
      class-transformer: '*'
      class-validator: '*'
      reflect-metadata: ^0.1.12
      rxjs: ^7.1.0
    peerDependenciesMeta:
      class-transformer:
        optional: true
      class-validator:
        optional: true

  '@nestjs/core@10.1.3':
    resolution: {integrity: sha512-VzK54TuacC3Vmq3b5xTyMVTlDNJeKbjpKfV9fNqm4TbIBm8ZPo3FC0osJAbAK4XwbVvv2Flq1yA3CutasupVjw==}
    peerDependencies:
      '@nestjs/common': ^10.0.0
      '@nestjs/microservices': ^10.0.0
      '@nestjs/platform-express': ^10.0.0
      '@nestjs/websockets': ^10.0.0
      reflect-metadata: ^0.1.12
      rxjs: ^7.1.0
    peerDependenciesMeta:
      '@nestjs/microservices':
        optional: true
      '@nestjs/platform-express':
        optional: true
      '@nestjs/websockets':
        optional: true

  '@nestjs/microservices@10.1.3':
    resolution: {integrity: sha512-IBKefw+DR6v2SaXjPJ8tRT+gQTJUSGN83gxuaA32uCQNW2rK+CyVapgX3fDeM/zJsLfBkdveSMX+R74w5wuk+Q==}
    peerDependencies:
      '@grpc/grpc-js': '*'
      '@nestjs/common': ^10.0.0
      '@nestjs/core': ^10.0.0
      '@nestjs/websockets': ^10.0.0
      amqp-connection-manager: '*'
      amqplib: '*'
      cache-manager: '*'
      ioredis: '*'
      kafkajs: '*'
      mqtt: '*'
      nats: '*'
      reflect-metadata: ^0.1.12
      rxjs: ^7.1.0
    peerDependenciesMeta:
      '@grpc/grpc-js':
        optional: true
      '@nestjs/websockets':
        optional: true
      amqp-connection-manager:
        optional: true
      amqplib:
        optional: true
      cache-manager:
        optional: true
      ioredis:
        optional: true
      kafkajs:
        optional: true
      mqtt:
        optional: true
      nats:
        optional: true

  '@nuxtjs/opencollective@0.3.2':
    resolution: {integrity: sha512-um0xL3fO7Mf4fDxcqx9KryrB7zgRM5JSlvGN5AGkP6JLM5XEKyjeAiPbNxdXVXQ16isuAhYpvP88NgL2BGd6aA==}
    engines: {node: '>=8.0.0', npm: '>=5.0.0'}
    hasBin: true

  '@protobufjs/aspromise@1.1.2':
    resolution: {integrity: sha512-j+gKExEuLmKwvz3OgROXtrJ2UG2x8Ch2YZUxahh+s1F2HZ+wAceUNLkvy6zKCPVRkU++ZWQrdxsUeQXmcg4uoQ==}

  '@protobufjs/base64@1.1.2':
    resolution: {integrity: sha512-AZkcAA5vnN/v4PDqKyMR5lx7hZttPDgClv83E//FMNhR2TMcLUhfRUBHCmSl0oi9zMgDDqRUJkSxO3wm85+XLg==}

  '@protobufjs/codegen@2.0.4':
    resolution: {integrity: sha512-YyFaikqM5sH0ziFZCN3xDC7zeGaB/d0IUb9CATugHWbd1FRFwWwt4ld4OYMPWu5a3Xe01mGAULCdqhMlPl29Jg==}

  '@protobufjs/eventemitter@1.1.0':
    resolution: {integrity: sha512-j9ednRT81vYJ9OfVuXG6ERSTdEL1xVsNgqpkxMsbIabzSo3goCjDIveeGv5d03om39ML71RdmrGNjG5SReBP/Q==}

  '@protobufjs/fetch@1.1.0':
    resolution: {integrity: sha512-lljVXpqXebpsijW71PZaCYeIcE5on1w5DlQy5WH6GLbFryLUrBD4932W/E2BSpfRJWseIL4v/KPgBFxDOIdKpQ==}

  '@protobufjs/float@1.0.2':
    resolution: {integrity: sha512-Ddb+kVXlXst9d+R9PfTIxh1EdNkgoRe5tOX6t01f1lYWOvJnSPDBlG241QLzcyPdoNTsblLUdujGSE4RzrTZGQ==}

  '@protobufjs/inquire@1.1.0':
    resolution: {integrity: sha512-kdSefcPdruJiFMVSbn801t4vFK7KB/5gd2fYvrxhuJYg8ILrmn9SKSX2tZdV6V+ksulWqS7aXjBcRXl3wHoD9Q==}

  '@protobufjs/path@1.1.2':
    resolution: {integrity: sha512-6JOcJ5Tm08dOHAbdR3GrvP+yUUfkjG5ePsHYczMFLq3ZmMkAD98cDgcT2iA1lJ9NVwFd4tH/iSSoe44YWkltEA==}

  '@protobufjs/pool@1.1.0':
    resolution: {integrity: sha512-0kELaGSIDBKvcgS4zkjz1PeddatrjYcmMWOlAuAPwAeccUrPHdUqo/J6LiymHHEiJT5NrF1UVwxY14f+fy4WQw==}

  '@protobufjs/utf8@1.1.0':
    resolution: {integrity: sha512-Vvn3zZrhQZkkBE8LSuW3em98c0FwgO4nxzv6OdSxPKJIEKY2bGbHn+mhGIPerzI4twdxaP8/0+06HBpwf345Lw==}

  '@types/node@20.19.37':
    resolution: {integrity: sha512-8kzdPJ3FsNsVIurqBs7oodNnCEVbni9yUEkaHbgptDACOPW04jimGagZ51E6+lXUwJjgnBw+hyko/lkFWCldqw==}

  '@typescript/vfs@1.6.4':
    resolution: {integrity: sha512-PJFXFS4ZJKiJ9Qiuix6Dz/OwEIqHD7Dme1UwZhTK11vR+5dqW2ACbdndWQexBzCx+CPuMe5WBYQWCsFyGlQLlQ==}
    peerDependencies:
      typescript: '*'

  ansi-regex@5.0.1:
    resolution: {integrity: sha512-quJQXlTSUGL2LH9SUXo8VwsY4soanhgo6LNSm84E1LBcE8s3O0wpdiRzyR9z/ZZJMlMWv37qOOb9pdJlMUEKFQ==}
    engines: {node: '>=8'}

  ansi-styles@4.3.0:
    resolution: {integrity: sha512-zbB9rCJAT1rbjiVDb2hqKFHNYLxgtk8NURxZ3IZwD3F6NtxbXZQCnnSi1Lkx+IDohdPlFp222wVALIheZJQSEg==}
    engines: {node: '>=8'}

  case-anything@2.1.13:
    resolution: {integrity: sha512-zlOQ80VrQ2Ue+ymH5OuM/DlDq64mEm+B9UTdHULv5osUMD6HalNTblf2b1u/m6QecjsnOkBpqVZ+XPwIVsy7Ng==}
    engines: {node: '>=12.13'}

  chalk@4.1.2:
    resolution: {integrity: sha512-oKnbhFyRIXpUuez8iBMmyEa4nbj4IOQyuhc/wy9kY7/WVPcwIO9VA668Pu8RkO7+0G76SLROeyw9CpQ061i4mA==}
    engines: {node: '>=10'}

  cliui@8.0.1:
    resolution: {integrity: sha512-BSeNnyus75C4//NQ9gQt1/csTXyo/8Sb+afLAkzAptFuMsod9HFokGNudZpi/oQV73hnVK+sR+5PVRMd+Dr7YQ==}
    engines: {node: '>=12'}

  color-convert@2.0.1:
    resolution: {integrity: sha512-RRECPsj7iu/xb5oKYcsFHSppFNnsj/52OVTRKb4zP5onXwVF3zVmmToNcOfGC+CRDpfK/U584fMg38ZHCaElKQ==}
    engines: {node: '>=7.0.0'}

  color-name@1.1.4:
    resolution: {integrity: sha512-dOy+3AuW3a2wNbZHIuMZpTcgjGuLU/uBL/ubcZF9OXbDo8ff4O8yVp5Bf0efS8uEoYo5q4Fx7dY9OgQGXgAsQA==}

  consola@2.15.3:
    resolution: {integrity: sha512-9vAdYbHj6x2fLKC4+oPH0kFzY/orMZyG2Aj+kNylHxKGJ/Ed4dpNyAQYwJOdqO4zdM7XpVHmyejQDcQHrnuXbw==}

  debug@4.4.3:
    resolution: {integrity: sha512-RGwwWnwQvkVfavKVt22FGLw+xYSdzARwm0ru6DhTVA3umU5hZc28V3kO4stgYryrTlLpuvgI9GiijltAjNbcqA==}
    engines: {node: '>=6.0'}
    peerDependencies:
      supports-color: '*'
    peerDependenciesMeta:
      supports-color:
        optional: true

  detect-libc@1.0.3:
    resolution: {integrity: sha512-pGjwhsmsp4kL2RTz08wcOlGN83otlqHeD/Z5T8GXZB+/YcpQ/dgo+lbU8ZsGxV0HIvqqxo9l7mqYwyYMD9bKDg==}
    engines: {node: '>=0.10'}
    hasBin: true

  dprint-node@1.0.8:
    resolution: {integrity: sha512-iVKnUtYfGrYcW1ZAlfR/F59cUVL8QIhWoBJoSjkkdua/dkWIgjZfiLMeTjiB06X0ZLkQ0M2C1VbUj/CxkIf1zg==}

  emoji-regex@8.0.0:
    resolution: {integrity: sha512-MSjYzcWNOA0ewAHpz0MxpYFvwg6yjy1NG3xteoqz644VCo/RPgnr1/GGt+ic3iJTzQ8Eu3TdM14SawnVUmGE6A==}

  escalade@3.2.0:
    resolution: {integrity: sha512-WUj2qlxaQtO4g6Pq5c29GTcWGDyd8itL8zTlipgECz3JesAiiOKotd8JU6otB3PACgG6xkJUyVhboMS+bje/jA==}
    engines: {node: '>=6'}

  fast-safe-stringify@2.1.1:
    resolution: {integrity: sha512-W+KJc2dmILlPplD/H4K9l9LcAHAfPtP6BY84uVLXQ6Evcz9Lcg33Y2z1IVblT6xdY54PXYVHEv+0Wpq8Io6zkA==}

  get-caller-file@2.0.5:
    resolution: {integrity: sha512-DyFP3BM/3YHTQOCUL/w0OZHR0lpKeGrxotcHWcqNEdnltqFwXVfhEBQ94eIo34AfQpo0rGki4cyIiftY06h2Fg==}
    engines: {node: 6.* || 8.* || >= 10.*}

  google-protobuf@3.21.2:
    resolution: {integrity: sha512-3MSOYFO5U9mPGikIYCzK0SaThypfGgS6bHqrUGXG3DPHCrb+txNqeEcns1W0lkGfk0rCyNXm7xB9rMxnCiZOoA==}

  has-flag@4.0.0:
    resolution: {integrity: sha512-EykJT/Q1KjTWctppgIAgfSO0tKVuZUjhgMr17kqTumMl6Afv3EISleU7qZUzoXDFTAHTDC4NOoG/ZxU3EvlMPQ==}
    engines: {node: '>=8'}

  is-fullwidth-code-point@3.0.0:
    resolution: {integrity: sha512-zymm5+u+sCsSWyD9qNaejV3DFvhCKclKdizYaJUuHA83RLjb7nSuGnddCHGv0hk+KY7BMAlsWeK4Ueg6EV6XQg==}
    engines: {node: '>=8'}

  iterare@1.2.1:
    resolution: {integrity: sha512-RKYVTCjAnRthyJes037NX/IiqeidgN1xc3j1RjFfECFp28A1GVwK9nA+i0rJPaHqSZwygLzRnFlzUuHFoWWy+Q==}
    engines: {node: '>=6'}

  lodash.camelcase@4.3.0:
    resolution: {integrity: sha512-TwuEnCnxbc3rAvhf/LbG7tJUDzhqXyFnv3dtzLOPgCG/hODL7WFnsbwktkD7yUV0RrreP/l1PALq/YSg6VvjlA==}

  long@5.2.3:
    resolution: {integrity: sha512-lcHwpNoggQTObv5apGNCTdJrO69eHOZMi4BNC+rTLER8iHAqGrUVeLh/irVIM7zTw2bOXA8T6uNPeujwOLg/2Q==}

  ms@2.1.3:
    resolution: {integrity: sha512-6FlzubTLZG3J2a/NVCAleEhjzq5oxgHyaCU9yYXvcLsvoVaHJq/s5xXI6/XXP6tz7R9xAOtHnSO/tXtF3WRTlA==}

  node-fetch@2.7.0:
    resolution: {integrity: sha512-c4FRfUm/dbcWZ7U+1Wq0AwCyFL+3nt2bEw05wfxSz+DWpWsitgmSgYmy2dQdWyKC1694ELPqMs/YzUSNozLt8A==}
    engines: {node: 4.x || >=6.0.0}
    peerDependencies:
      encoding: ^0.1.0
    peerDependenciesMeta:
      encoding:
        optional: true

  path-to-regexp@3.2.0:
    resolution: {integrity: sha512-jczvQbCUS7XmS7o+y1aEO9OBVFeZBQ1MDSEqmO7xSoPgOPoowY/SxLpZ6Vh97/8qHZOteiCKb7gkG9gA2ZUxJA==}

  protobufjs@7.2.4:
    resolution: {integrity: sha512-AT+RJgD2sH8phPmCf7OUZR8xGdcJRga4+1cOaXJ64hvcSkVhNcRHOwIxUatPH15+nj59WAGTDv3LSGZPEQbJaQ==}
    engines: {node: '>=12.0.0'}

  protobufjs@7.5.4:
    resolution: {integrity: sha512-CvexbZtbov6jW2eXAvLukXjXUW1TzFaivC46BpWc/3BpcCysb5Vffu+B3XHMm8lVEuy2Mm4XGex8hBSg1yapPg==}
    engines: {node: '>=12.0.0'}

  reflect-metadata@0.1.13:
    resolution: {integrity: sha512-Ts1Y/anZELhSsjMcU605fU9RE4Oi3p5ORujwbIKXfWa+0Zxs510Qrmrce5/Jowq3cHSZSJqBjypxmHarc+vEWg==}

  require-directory@2.1.1:
    resolution: {integrity: sha512-fGxEI7+wsG9xrvdjsrlmL22OMTTiHRwAMroiEeMgq8gzoLC/PQr7RsRDSTLUg/bZAZtF+TVIkHc6/4RIKrui+Q==}
    engines: {node: '>=0.10.0'}

  rxjs@7.8.1:
    resolution: {integrity: sha512-AA3TVj+0A2iuIoQkWEK/tqFjBq2j+6PO6Y0zJcvzLAFhEFIO3HL0vls9hWLncZbAAbK0mar7oZ4V079I/qPMxg==}

  string-width@4.2.3:
    resolution: {integrity: sha512-wKyQRQpjJ0sIp62ErSZdGsjMJWsap5oRNihHhu6G7JVO/9jIB6UyevL+tXuOqrng8j/cxKTWyWUwvSTriiZz/g==}
    engines: {node: '>=8'}

  strip-ansi@6.0.1:
    resolution: {integrity: sha512-Y38VPSHcqkFrCpFnQ9vuSXmquuv5oXOKpGeT6aGrr3o3Gc9AlVa6JBfUSOCnbxGGZF+/0ooI7KrPuUSztUdU5A==}
    engines: {node: '>=8'}

  supports-color@7.2.0:
    resolution: {integrity: sha512-qpCAvRl9stuOHveKsn7HncJRvv501qIacKzQlO/+Lwxc9+0q2wLyv4Dfvt80/DPn2pqOBsJdDiogXGR9+OvwRw==}
    engines: {node: '>=8'}

  tr46@0.0.3:
    resolution: {integrity: sha512-N3WMsuqV66lT30CrXNbEjx4GEwlow3v6rr4mCcv6prnfwhS01rkgyFdjPNBYd9br7LpXV1+Emh01fHnq2Gdgrw==}

  ts-poet@6.12.0:
    resolution: {integrity: sha512-xo+iRNMWqyvXpFTaOAvLPA5QAWO6TZrSUs5s4Odaya3epqofBu/fMLHEWl8jPmjhA0s9sgj9sNvF1BmaQlmQkA==}

  ts-proto-descriptors@1.14.0:
    resolution: {integrity: sha512-xqLA6cBTfof+mZ/sIw/pZviyhnWWcWqRBjyjaMW5O4fIogpawT4aa0wI8rKh0rYIrQzoHxLugmFu4+rdiWaGEQ==}

  ts-proto@1.156.0:
    resolution: {integrity: sha512-GnOxEAD1mRkiqV9VLv48GrNdps8gXp+vE9rWToCPyIxCIjVjkH3ls8iXxRXOS9LSwueJT8F+N9w7Xy3zftUecA==}
    hasBin: true

  tslib@2.6.1:
    resolution: {integrity: sha512-t0hLfiEKfMUoqhG+U1oid7Pva4bbDPHYfJNiB7BiIjRkj1pyC++4N3huJfqY6aRH6VTB0rvtzQwjM4K6qpfOig==}

  tslib@2.8.1:
    resolution: {integrity: sha512-oJFu94HQb+KVduSUQL7wnpmqnfmLsOA/nAh6b6EH0wCEoK0/mPeXU6c3wKDV83MkOuHPRHtSXKKU99IBazS/2w==}

  typescript@4.5.2:
    resolution: {integrity: sha512-5BlMof9H1yGt0P8/WF+wPNw6GfctgGjXp5hkblpyT+8rkASSmkUKMXrxR0Xg8ThVCi/JnHQiKXeBaEwCeQwMFw==}
    engines: {node: '>=4.2.0'}
    hasBin: true

  typescript@5.1.6:
    resolution: {integrity: sha512-zaWCozRZ6DLEWAWFrVDz1H6FVXzUSfTy5FUMWsQlU8Ym5JP9eO4xkTIROFCQvhQf61z6O/G6ugw3SgAnvvm+HA==}
    engines: {node: '>=14.17'}
    hasBin: true

  uid@2.0.2:
    resolution: {integrity: sha512-u3xV3X7uzvi5b1MncmZo3i2Aw222Zk1keqLA1YkHldREkAhAqi65wuPfe7lHx8H/Wzy+8CE7S7uS3jekIM5s8g==}
    engines: {node: '>=8'}

  undici-types@6.21.0:
    resolution: {integrity: sha512-iwDZqg0QAGrg9Rav5H4n0M64c3mkR59cJ6wQp+7C4nI0gsmExaedaYLNO44eT4AtBBwjbTiGPMlt2Md0T9H9JQ==}

  webidl-conversions@3.0.1:
    resolution: {integrity: sha512-2JAn3z8AR6rjK8Sm8orRC0h/bcl/DqL7tRPdGZ4I1CjdF+EaMLmYxBHyXuKL849eucPFhvBoxMsflfOb8kxaeQ==}

  whatwg-url@5.0.0:
    resolution: {integrity: sha512-saE57nupxk6v3HY35+jzBwYa0rKSy0XR8JSxZPwgLr7ys0IBzhGviA1/TUGJLmSVqs8pb9AnvICXEuOHLprYTw==}

  wrap-ansi@7.0.0:
    resolution: {integrity: sha512-YVGIj2kamLSTxw6NsZjoBxfSwsn0ycdesmc4p+Q21c5zPuZ1pl+NfxVdxPtdHvmNVOQ6XSYG4AUtyt/Fi7D16Q==}
    engines: {node: '>=10'}

  y18n@5.0.8:
    resolution: {integrity: sha512-0pfFzegeDWJHJIAmTLRP2DwHjdF5s7jo9tuztdQxAhINCdvS+3nGINqPd00AphqJR/0LhANUS6/+7SCb98YOfA==}
    engines: {node: '>=10'}

  yargs-parser@21.1.1:
    resolution: {integrity: sha512-tVpsJW7DdjecAiFpbIB1e3qxIQsE6NoPc5/eTdrbbIC4h0LVsWhnoa3g+m2HclBIujHzsxZ4VJVA+GUuc2/LBw==}
    engines: {node: '>=12'}

  yargs@17.7.2:
    resolution: {integrity: sha512-7dSzzRQ++CKnNI/krKnYRV7JKKPUXMEh61soaHKg9mrWEhzFWhFnxPxGl+69cD1Ou63C13NUPCnmIcrvqCuM6w==}
    engines: {node: '>=12'}

snapshots:

  '@bufbuild/protobuf@1.10.1': {}

  '@bufbuild/protobuf@1.3.0': {}

  '@bufbuild/protoc-gen-connect-es@0.12.0(@bufbuild/protoc-gen-es@1.3.0(@bufbuild/protobuf@1.3.0))':
    dependencies:
      '@bufbuild/protobuf': 1.3.0
      '@bufbuild/protoplugin': 1.10.1
    optionalDependencies:
      '@bufbuild/protoc-gen-es': 1.3.0(@bufbuild/protobuf@1.3.0)
    transitivePeerDependencies:
      - supports-color

  '@bufbuild/protoc-gen-es@1.3.0(@bufbuild/protobuf@1.3.0)':
    dependencies:
      '@bufbuild/protoplugin': 1.3.0
    optionalDependencies:
      '@bufbuild/protobuf': 1.3.0
    transitivePeerDependencies:
      - supports-color

  '@bufbuild/protoplugin@1.10.1':
    dependencies:
      '@bufbuild/protobuf': 1.10.1
      '@typescript/vfs': 1.6.4(typescript@4.5.2)
      typescript: 4.5.2
    transitivePeerDependencies:
      - supports-color

  '@bufbuild/protoplugin@1.3.0':
    dependencies:
      '@bufbuild/protobuf': 1.3.0
      '@typescript/vfs': 1.6.4(typescript@4.5.2)
      typescript: 4.5.2
    transitivePeerDependencies:
      - supports-color

  '@grpc/grpc-js@1.9.0':
    dependencies:
      '@grpc/proto-loader': 0.7.15
      '@types/node': 20.19.37

  '@grpc/proto-loader@0.7.15':
    dependencies:
      lodash.camelcase: 4.3.0
      long: 5.2.3
      protobufjs: 7.5.4
      yargs: 17.7.2

  '@lukeed/csprng@1.1.0': {}

  '@nestjs/common@10.1.3(reflect-metadata@0.1.13)(rxjs@7.8.1)':
    dependencies:
      iterare: 1.2.1
      reflect-metadata: 0.1.13
      rxjs: 7.8.1
      tslib: 2.6.1
      uid: 2.0.2

  '@nestjs/core@10.1.3(@nestjs/common@10.1.3(reflect-metadata@0.1.13)(rxjs@7.8.1))(@nestjs/microservices@10.1.3)(reflect-metadata@0.1.13)(rxjs@7.8.1)':
    dependencies:
      '@nestjs/common': 10.1.3(reflect-metadata@0.1.13)(rxjs@7.8.1)
      '@nuxtjs/opencollective': 0.3.2
      fast-safe-stringify: 2.1.1
      iterare: 1.2.1
      path-to-regexp: 3.2.0
      reflect-metadata: 0.1.13
      rxjs: 7.8.1
      tslib: 2.6.1
      uid: 2.0.2
    optionalDependencies:
      '@nestjs/microservices': 10.1.3(@grpc/grpc-js@1.9.0)(@nestjs/common@10.1.3(reflect-metadata@0.1.13)(rxjs@7.8.1))(@nestjs/core@10.1.3)(reflect-metadata@0.1.13)(rxjs@7.8.1)
    transitivePeerDependencies:
      - encoding

  '@nestjs/microservices@10.1.3(@grpc/grpc-js@1.9.0)(@nestjs/common@10.1.3(reflect-metadata@0.1.13)(rxjs@7.8.1))(@nestjs/core@10.1.3)(reflect-metadata@0.1.13)(rxjs@7.8.1)':
    dependencies:
      '@nestjs/common': 10.1.3(reflect-metadata@0.1.13)(rxjs@7.8.1)
      '@nestjs/core': 10.1.3(@nestjs/common@10.1.3(reflect-metadata@0.1.13)(rxjs@7.8.1))(@nestjs/microservices@10.1.3)(reflect-metadata@0.1.13)(rxjs@7.8.1)
      iterare: 1.2.1
      reflect-metadata: 0.1.13
      rxjs: 7.8.1
      tslib: 2.6.1
    optionalDependencies:
      '@grpc/grpc-js': 1.9.0

  '@nuxtjs/opencollective@0.3.2':
    dependencies:
      chalk: 4.1.2
      consola: 2.15.3
      node-fetch: 2.7.0
    transitivePeerDependencies:
      - encoding

  '@protobufjs/aspromise@1.1.2': {}

  '@protobufjs/base64@1.1.2': {}

  '@protobufjs/codegen@2.0.4': {}

  '@protobufjs/eventemitter@1.1.0': {}

  '@protobufjs/fetch@1.1.0':
    dependencies:
      '@protobufjs/aspromise': 1.1.2
      '@protobufjs/inquire': 1.1.0

  '@protobufjs/float@1.0.2': {}

  '@protobufjs/inquire@1.1.0': {}

  '@protobufjs/path@1.1.2': {}

  '@protobufjs/pool@1.1.0': {}

  '@protobufjs/utf8@1.1.0': {}

  '@types/node@20.19.37':
    dependencies:
      undici-types: 6.21.0

  '@typescript/vfs@1.6.4(typescript@4.5.2)':
    dependencies:
      debug: 4.4.3
      typescript: 4.5.2
    transitivePeerDependencies:
      - supports-color

  ansi-regex@5.0.1: {}

  ansi-styles@4.3.0:
    dependencies:
      color-convert: 2.0.1

  case-anything@2.1.13: {}

  chalk@4.1.2:
    dependencies:
      ansi-styles: 4.3.0
      supports-color: 7.2.0

  cliui@8.0.1:
    dependencies:
      string-width: 4.2.3
      strip-ansi: 6.0.1
      wrap-ansi: 7.0.0

  color-convert@2.0.1:
    dependencies:
      color-name: 1.1.4

  color-name@1.1.4: {}

  consola@2.15.3: {}

  debug@4.4.3:
    dependencies:
      ms: 2.1.3

  detect-libc@1.0.3: {}

  dprint-node@1.0.8:
    dependencies:
      detect-libc: 1.0.3

  emoji-regex@8.0.0: {}

  escalade@3.2.0: {}

  fast-safe-stringify@2.1.1: {}

  get-caller-file@2.0.5: {}

  google-protobuf@3.21.2: {}

  has-flag@4.0.0: {}

  is-fullwidth-code-point@3.0.0: {}

  iterare@1.2.1: {}

  lodash.camelcase@4.3.0: {}

  long@5.2.3: {}

  ms@2.1.3: {}

  node-fetch@2.7.0:
    dependencies:
      whatwg-url: 5.0.0

  path-to-regexp@3.2.0: {}

  protobufjs@7.2.4:
    dependencies:
      '@protobufjs/aspromise': 1.1.2
      '@protobufjs/base64': 1.1.2
      '@protobufjs/codegen': 2.0.4
      '@protobufjs/eventemitter': 1.1.0
      '@protobufjs/fetch': 1.1.0
      '@protobufjs/float': 1.0.2
      '@protobufjs/inquire': 1.1.0
      '@protobufjs/path': 1.1.2
      '@protobufjs/pool': 1.1.0
      '@protobufjs/utf8': 1.1.0
      '@types/node': 20.19.37
      long: 5.2.3

  protobufjs@7.5.4:
    dependencies:
      '@protobufjs/aspromise': 1.1.2
      '@protobufjs/base64': 1.1.2
      '@protobufjs/codegen': 2.0.4
      '@protobufjs/eventemitter': 1.1.0
      '@protobufjs/fetch': 1.1.0
      '@protobufjs/float': 1.0.2
      '@protobufjs/inquire': 1.1.0
      '@protobufjs/path': 1.1.2
      '@protobufjs/pool': 1.1.0
      '@protobufjs/utf8': 1.1.0
      '@types/node': 20.19.37
      long: 5.2.3

  reflect-metadata@0.1.13: {}

  require-directory@2.1.1: {}

  rxjs@7.8.1:
    dependencies:
      tslib: 2.8.1

  string-width@4.2.3:
    dependencies:
      emoji-regex: 8.0.0
      is-fullwidth-code-point: 3.0.0
      strip-ansi: 6.0.1

  strip-ansi@6.0.1:
    dependencies:
      ansi-regex: 5.0.1

  supports-color@7.2.0:
    dependencies:
      has-flag: 4.0.0

  tr46@0.0.3: {}

  ts-poet@6.12.0:
    dependencies:
      dprint-node: 1.0.8

  ts-proto-descriptors@1.14.0:
    dependencies:
      long: 5.2.3
      protobufjs: 7.2.4

  ts-proto@1.156.0:
    dependencies:
      case-anything: 2.1.13
      protobufjs: 7.2.4
      ts-poet: 6.12.0
      ts-proto-descriptors: 1.14.0

  tslib@2.6.1: {}

  tslib@2.8.1: {}

  typescript@4.5.2: {}

  typescript@5.1.6: {}

  uid@2.0.2:
    dependencies:
      '@lukeed/csprng': 1.1.0

  undici-types@6.21.0: {}

  webidl-conversions@3.0.1: {}

  whatwg-url@5.0.0:
    dependencies:
      tr46: 0.0.3
      webidl-conversions: 3.0.1

  wrap-ansi@7.0.0:
    dependencies:
      ansi-styles: 4.3.0
      string-width: 4.2.3
      strip-ansi: 6.0.1

  y18n@5.0.8: {}

  yargs-parser@21.1.1: {}

  yargs@17.7.2:
    dependencies:
      cliui: 8.0.1
      escalade: 3.2.0
      get-caller-file: 2.0.5
      require-directory: 2.1.1
      string-width: 4.2.3
      y18n: 5.0.8
      yargs-parser: 21.1.1
